
Microsoft Visual Studio Solution File, Format Version 12.00
# Visual Studio Version 16
VisualStudioVersion = 16.0.30114.105
MinimumVisualStudioVersion = 10.0.40219.1
Project("{2150E333-8FDC-42A3-9474-1A3956D46DE8}") = "src", "src", "{84597A49-906E-4FC3-861C-C0FCCAB6C9FE}"
EndProject
Project("{FAE04EC0-301F-11D3-BF4B-00C04F79EFBC}") = "LetsPackIt.Api", "src\LetsPackIt.Api\LetsPackIt.Api.csproj", "{8A52FF7E-AFF0-4EAB-8CD5-2BFE1D1CE8D3}"
EndProject
Project("{FAE04EC0-301F-11D3-BF4B-00C04F79EFBC}") = "LetsPackIt.Domain", "src\LetsPackIt.Domain\LetsPackIt.Domain.csproj", "{396BDAD8-6DB5-464C-83F0-24EF89CA83DA}"
EndProject
Project("{FAE04EC0-301F-11D3-BF4B-00C04F79EFBC}") = "LetsPackIt.Application", "src\LetsPackIt.Application\LetsPackIt.Application.csproj", "{19711069-1632-4D56-BF17-BD0143D022AF}"
EndProject
Project("{FAE04EC0-301F-11D3-BF4B-00C04F79EFBC}") = "LetsPackIt.Infrastructure", "src\LetsPackIt.Infrastructure\LetsPackIt.Infrastructure.csproj", "{93058AB8-AB17-4B58-82F5-F16988EF4CE2}"
EndProject
Project("{FAE04EC0-301F-11D3-BF4B-00C04F79EFBC}") = "LetsPackIt.Shared", "src\LetsPackIt.Shared\LetsPackIt.Shared.csproj", "{1AE7C1F6-17C4-4408-95CA-CED4215098C9}"
EndProject
Project("{FAE04EC0-301F-11D3-BF4B-00C04F79EFBC}") = "LetsPackIt.Shared.Abstractions", "src\LetsPackIt.Shared.Abstractions\LetsPackIt.Shared.Abstractions.csproj", "{1DF59984-3898-4459-8728-30CCD59F57C5}"
EndProject
Project("{2150E333-8FDC-42A3-9474-1A3956D46DE8}") = "tests", "tests", "{4A020A1A-0C3E-4A60-B23C-C36416AC8F9F}"
EndProject
Project("{FAE04EC0-301F-11D3-BF4B-00C04F79EFBC}") = "LetsPackIt.UnitTest", "tests\LetsPackIt.UnitTest\LetsPackIt.UnitTest.csproj", "{E775727A-C346-4CEF-9ADE-F89D82C037F8}"
EndProject
Global
	GlobalSection(SolutionConfigurationPlatforms) = preSolution
		Debug|Any CPU = Debug|Any CPU
		Release|Any CPU = Release|Any CPU
	EndGlobalSection
	GlobalSection(SolutionProperties) = preSolution
		HideSolutionNode = FALSE
	EndGlobalSection
	GlobalSection(ProjectConfigurationPlatforms) = postSolution
		{8A52FF7E-AFF0-4EAB-8CD5-2BFE1D1CE8D3}.Debug|Any CPU.ActiveCfg = Debug|Any CPU
		{8A52FF7E-AFF0-4EAB-8CD5-2BFE1D1CE8D3}.Debug|Any CPU.Build.0 = Debug|Any CPU
		{8A52FF7E-AFF0-4EAB-8CD5-2BFE1D1CE8D3}.Release|Any CPU.ActiveCfg = Release|Any CPU
		{8A52FF7E-AFF0-4EAB-8CD5-2BFE1D1CE8D3}.Release|Any CPU.Build.0 = Release|Any CPU
		{396BDAD8-6DB5-464C-83F0-24EF89CA83DA}.Debug|Any CPU.ActiveCfg = Debug|Any CPU
		{396BDAD8-6DB5-464C-83F0-24EF89CA83DA}.Debug|Any CPU.Build.0 = Debug|Any CPU
		{396BDAD8-6DB5-464C-83F0-24EF89CA83DA}.Release|Any CPU.ActiveCfg = Release|Any CPU
		{396BDAD8-6DB5-464C-83F0-24EF89CA83DA}.Release|Any CPU.Build.0 = Release|Any CPU
		{19711069-1632-4D56-BF17-BD0143D022AF}.Debug|Any CPU.ActiveCfg = Debug|Any CPU
		{19711069-1632-4D56-BF17-BD0143D022AF}.Debug|Any CPU.Build.0 = Debug|Any CPU
		{19711069-1632-4D56-BF17-BD0143D022AF}.Release|Any CPU.ActiveCfg = Release|Any CPU
		{19711069-1632-4D56-BF17-BD0143D022AF}.Release|Any CPU.Build.0 = Release|Any CPU
		{93058AB8-AB17-4B58-82F5-F16988EF4CE2}.Debug|Any CPU.ActiveCfg = Debug|Any CPU
		{93058AB8-AB17-4B58-82F5-F16988EF4CE2}.Debug|Any CPU.Build.0 = Debug|Any CPU
		{93058AB8-AB17-4B58-82F5-F16988EF4CE2}.Release|Any CPU.ActiveCfg = Release|Any CPU
		{93058AB8-AB17-4B58-82F5-F16988EF4CE2}.Release|Any CPU.Build.0 = Release|Any CPU
		{1AE7C1F6-17C4-4408-95CA-CED4215098C9}.Debug|Any CPU.ActiveCfg = Debug|Any CPU
		{1AE7C1F6-17C4-4408-95CA-CED4215098C9}.Debug|Any CPU.Build.0 = Debug|Any CPU
		{1AE7C1F6-17C4-4408-95CA-CED4215098C9}.Release|Any CPU.ActiveCfg = Release|Any CPU
		{1AE7C1F6-17C4-4408-95CA-CED4215098C9}.Release|Any CPU.Build.0 = Release|Any CPU
		{1DF59984-3898-4459-8728-30CCD59F57C5}.Debug|Any CPU.ActiveCfg = Debug|Any CPU
		{1DF59984-3898-4459-8728-30CCD59F57C5}.Debug|Any CPU.Build.0 = Debug|Any CPU
		{1DF59984-3898-4459-8728-30CCD59F57C5}.Release|Any CPU.ActiveCfg = Release|Any CPU
		{1DF59984-3898-4459-8728-30CCD59F57C5}.Release|Any CPU.Build.0 = Release|Any CPU
		{E775727A-C346-4CEF-9ADE-F89D82C037F8}.Debug|Any CPU.ActiveCfg = Debug|Any CPU
		{E775727A-C346-4CEF-9ADE-F89D82C037F8}.Debug|Any CPU.Build.0 = Debug|Any CPU
		{E775727A-C346-4CEF-9ADE-F89D82C037F8}.Release|Any CPU.ActiveCfg = Release|Any CPU
		{E775727A-C346-4CEF-9ADE-F89D82C037F8}.Release|Any CPU.Build.0 = Release|Any CPU
	EndGlobalSection
	GlobalSection(NestedProjects) = preSolution
		{8A52FF7E-AFF0-4EAB-8CD5-2BFE1D1CE8D3} = {84597A49-906E-4FC3-861C-C0FCCAB6C9FE}
		{396BDAD8-6DB5-464C-83F0-24EF89CA83DA} = {84597A49-906E-4FC3-861C-C0FCCAB6C9FE}
		{19711069-1632-4D56-BF17-BD0143D022AF} = {84597A49-906E-4FC3-861C-C0FCCAB6C9FE}
		{93058AB8-AB17-4B58-82F5-F16988EF4CE2} = {84597A49-906E-4FC3-861C-C0FCCAB6C9FE}
		{1AE7C1F6-17C4-4408-95CA-CED4215098C9} = {84597A49-906E-4FC3-861C-C0FCCAB6C9FE}
		{1DF59984-3898-4459-8728-30CCD59F57C5} = {84597A49-906E-4FC3-861C-C0FCCAB6C9FE}
		{E775727A-C346-4CEF-9ADE-F89D82C037F8} = {4A020A1A-0C3E-4A60-B23C-C36416AC8F9F}
	EndGlobalSection
EndGlobal
