
Microsoft Visual Studio Solution File, Format Version 12.00
Project("{FAE04EC0-301F-11D3-BF4B-00C04F79EFBC}") = "LetsPackIt.Domain", "LetsPackIt.Domain.csproj", "{3044D8AD-6AA8-49E0-8208-FBE9EADCD928}"
EndProject
Global
	GlobalSection(SolutionConfigurationPlatforms) = preSolution
		Debug|Any CPU = Debug|Any CPU
		Release|Any CPU = Release|Any CPU
	EndGlobalSection
	GlobalSection(ProjectConfigurationPlatforms) = postSolution
		{3044D8AD-6AA8-49E0-8208-FBE9EADCD928}.Debug|Any CPU.ActiveCfg = Debug|Any CPU
		{3044D8AD-6AA8-49E0-8208-FBE9EADCD928}.Debug|Any CPU.Build.0 = Debug|Any CPU
		{3044D8AD-6AA8-49E0-8208-FBE9EADCD928}.Release|Any CPU.ActiveCfg = Release|Any CPU
		{3044D8AD-6AA8-49E0-8208-FBE9EADCD928}.Release|Any CPU.Build.0 = Release|Any CPU
	EndGlobalSection
EndGlobal
